NeoBundleLock Align 787662fe90cd057942bc5b682fd70c87e1a9dd77
NeoBundleLock EasyMotion bde4831d5c6922440651a3423c9b60116415f1db
NeoBundleLock Gundo f443470b96364c24a775629418a6b2562ec9173e
NeoBundleLock JavaScript-syntax e24f4aa35f7d8c18cef41bc4cc76f52db5327f80
NeoBundleLock SQLUtilities 566184530da81aa05ae4ac4ba6cf5034292a9b89
NeoBundleLock The-NERD-tree af65bd23e69a3a5fc1a39eb47733191b7110bb1e
NeoBundleLock ack.vim 6a57bc0a5877800b5621f6ade5006e58eb582845
NeoBundleLock ag.vim f05f31352689be245611c893b37652110f27a2c5
NeoBundleLock camelcasemotion 8db17bdee3f42bd71839ead2a84b2ee1916e45c2
NeoBundleLock cascading.vim 698895533dd81ebb18cd0271a70f36ee1faa5754
NeoBundleLock eregex.vim 084de426c4b85aee060893f5b5e1798a2dfeb713
NeoBundleLock ghcmod-vim 7e5f6102aa709244f5d4cedec807eac4b901c4cb
NeoBundleLock grep.vim 852ddb0c6590bbc41c508d7f5d2fc17112492def
NeoBundleLock haml.zip 430eb45cab9f4daa8b66bdfe64cc1bec0d11b10b
NeoBundleLock jQuery 895d237528151c373d71c99f4812eb45b094e7c8
NeoBundleLock jellybeans.vim f931895c20681684278aef2ffd810730b9c36ec3
NeoBundleLock jsref bc1da975a13ff9de26fa1adfa6c0309eb3cf751a
NeoBundleLock matchit.zip ced6c409c9beeb0b4142d21906606bd194411d1d
NeoBundleLock neocomplcache ffb43c82494638491406cba154a767efa947a904
NeoBundleLock neocomplete-php.vim 68c3b3a6439c6c5cc0640260dde52eef197dd2f3
NeoBundleLock neomru.vim 24f9185ca019f3b8f4896929c6bf5148f982f344
NeoBundleLock neosnippet 044c9cb8ca46a5e27eec37198990c26fe707b02a
NeoBundleLock neosnippet-snippets aa64d30cde0b011b23616dbe29ccf60304039ab2
NeoBundleLock nerdcommenter 6549cfde45339bd4f711504196ff3e8b766ef5e6
NeoBundleLock nginx.vim 152bbb2dc00c2df37049ccf75f68f294208c72cb
NeoBundleLock open-browser.vim 7401abae649219708cc09a50e4f8967c5a11083c
NeoBundleLock operator-camelize 46f630e85730b3626bd274da070ca6f254ef626d
NeoBundleLock operator-replace 62e26864c4d4f0829407abceacb9d32948113982
NeoBundleLock operator-user 3f071f9370dfd5320c21d91494d4cc7902ab33e4
NeoBundleLock php.vim 3ef881bbd32f1c7162b03f5be915172c9f2100cc
NeoBundleLock powerline-fonts 39c99c02652f25290b64e24a7e9a7cfb8ce89a3e
NeoBundleLock ref-sources.vim 26c15a8b4e2c43cbf72f37bd5f635f10bec07d2f
NeoBundleLock ruby-matchit c4d8079287fc8d804d2a92bcb66964d673666540
NeoBundleLock serverspec-snippets 59d7b78c295e60ffebffcaee9727a0dca3a461a7
NeoBundleLock smartchr bb34ecf2c557f93560a335ea4bd9433d52703af6
NeoBundleLock smartword 5118f75133885a8d8f7369f955568e878b191552
NeoBundleLock smooth_scroll.vim 2f9f5b9ccd62b43cde3fcc8bc498fc553476cfed
NeoBundleLock switch.vim fec2065ebd5c00723bc7e35d95991332ad6e53a3
NeoBundleLock syntastic b8bdaa20be5e3caf8808da4da0a9b72706d416e3
NeoBundleLock tabular 60f25648814f0695eeb6c1040d97adca93c4e0bb
NeoBundleLock taglist.vim 53041fbc45398a9af631a20657e109707a455339
NeoBundleLock textobj-jabraces a16d75d918a1a8be8d85b9b4ab1481c5f5e929cb
NeoBundleLock textobj-user f69e456b61b50ec7c79dfc0c0f5fd253e400812b
NeoBundleLock unite-help 5a8dc6cf157627f8ebf16ca60dec2d4125f8008f
NeoBundleLock unite-outline 962aaa61d5585634c15c3a7071df7c6a12c5e3cd
NeoBundleLock unite-rails e173c8ec28c18744a0b778ef78b600ce8759914f
NeoBundleLock unite.vim fa585c2516f799bf5fd2716c32f99ca8be1a890d
NeoBundleLock vim-alignta cb3d593c48d7d3aef829b5aff49ddade24417a9f
NeoBundleLock vim-coffee-script 827e4a38b07479433b619091469a7495a392df8a
NeoBundleLock vim-indent-guides 184e55848de2304cabc5c03d2afe9b8fd098c58c
NeoBundleLock vim-javascript 1d8c2677d26d6b3950b90dc1636e63334c8efc3b
NeoBundleLock vim-jsx c6d0fd7d4d9d1e26c7643d02bb9abe5db91903c8
NeoBundleLock vim-markdown 409c37b205afa2f9d590e23de8171482d66770e2
NeoBundleLock vim-openbuf 781bd6f9d21d08a5b59f383bc60be752c9e2e878
NeoBundleLock vim-over 9ef228655f4dab2d83c0b9af10d59c5b1a7aad7d
NeoBundleLock vim-powerline 09c0cea859a2e0989eea740655b35976d951a84e
NeoBundleLock vim-quickrun dbd74401b4f8450bd1717d2fd37b8199aefbec80
NeoBundleLock vim-rails 981f8d790cbecd5bbbb907aa30a94f63b6aee041
NeoBundleLock vim-ref 63cef8fe51e597f0b0475b654961cef01feabd93
NeoBundleLock vim-rspec 2cf8c5002cb89eb8e9aabe59d25b89dc5afec88a
NeoBundleLock vim-ruby c298d2f352559f0c690d5e75f7ed6ce0c61ff474
NeoBundleLock vim-slim 0daaa8581f9a9968cebbc7d14ae9acf1625c0389
NeoBundleLock vim-surround 772ab9587b7d1e2c3bae75395c9123803059ba8a
NeoBundleLock vim-textobj-indent deb76867c302f933c8f21753806cbf2d8461b548
NeoBundleLock vim-textobj-plugins 6d18cd0ce262786adfcaf3b6b2c6e457b614f776
NeoBundleLock vim-textobj-syntax a0167c2680f8a35d9ca1f47ddf31070492893175
NeoBundleLock vim-toggle e5ff5158fbc3c176ddc432df10e3332c96fe2c7a
NeoBundleLock vim-unite-history 73c766a4dcaa52a1c0306aad81403dc4457c1776
NeoBundleLock vimdoc_ja 14207be02ecb1de326b1f36792dafe50ab64b774
NeoBundleLock vimproc 0f68bcd93399ecbcde3eaa4efd09107314c9bdee
NeoBundleLock vimshell 41d3ad325852e80588ab57c64433fa338789d6ac
NeoBundleLock vtreeexplorer a08591d5009bced3eb0974802cfcc53cd22f378a
NeoBundleLock webapi-vim a7789abffe936db56e3152e23733847f94755753
NeoBundleLock xmledit 5cd9e3930b5a3b2c6e831e1553b1a2c0941c60fd
